// !$*UTF8*$!
{
	archiveVersion = 1;
	classes = {
	};
	objectVersion = 50;
	objects = {

/* Begin PBXBuildFile section */
		1C15159C7578E76CF5F2F42B /* Pods_CocoaPodFramework.framework in Frameworks */ = {isa = PBXBuildFile; fileRef = 47E135DBA4D5EE1028B4AE12 /* Pods_CocoaPodFramework.framework */; };
		D75B6FA3251A676F0077FC43 /* AppDelegate.swift in Sources */ = {isa = PBXBuildFile; fileRef = D75B6FA2251A676F0077FC43 /* AppDelegate.swift */; };
		D75B6FA5251A676F0077FC43 /* SceneDelegate.swift in Sources */ = {isa = PBXBuildFile; fileRef = D75B6FA4251A676F0077FC43 /* SceneDelegate.swift */; };
		D75B6FA7251A676F0077FC43 /* ViewController.swift in Sources */ = {isa = PBXBuildFile; fileRef = D75B6FA6251A676F0077FC43 /* ViewController.swift */; };
		D75B6FAA251A676F0077FC43 /* Main.storyboard in Resources */ = {isa = PBXBuildFile; fileRef = D75B6FA8251A676F0077FC43 /* Main.storyboard */; };
		D75B6FAD251A676F0077FC43 /* CocoaPodFramework.xcdatamodeld in Sources */ = {isa = PBXBuildFile; fileRef = D75B6FAB251A676F0077FC43 /* CocoaPodFramework.xcdatamodeld */; };
		D75B6FAF251A67740077FC43 /* Assets.xcassets in Resources */ = {isa = PBXBuildFile; fileRef = D75B6FAE251A67740077FC43 /* Assets.xcassets */; };
		D75B6FB2251A67740077FC43 /* LaunchScreen.storyboard in Resources */ = {isa = PBXBuildFile; fileRef = D75B6FB0251A67740077FC43 /* LaunchScreen.storyboard */; };
/* End PBXBuildFile section */

/* Begin PBXFileReference section */
		47E135DBA4D5EE1028B4AE12 /* Pods_CocoaPodFramework.framework */ = {isa = PBXFileReference; explicitFileType = wrapper.framework; includeInIndex = 0; path = Pods_CocoaPodFramework.framework; sourceTree = BUILT_PRODUCTS_DIR; };
		7F97D5623626942F77CBCB48 /* Pods-CocoaPodFramework.release.xcconfig */ = {isa = PBXFileReference; includeInIndex = 1; lastKnownFileType = text.xcconfig; name = "Pods-CocoaPodFramework.release.xcconfig"; path = "Target Support Files/Pods-CocoaPodFramework/Pods-CocoaPodFramework.release.xcconfig"; sourceTree = "<group>"; };
		D75B6F9F251A676F0077FC43 /* CocoaPodFramework.app */ = {isa = PBXFileReference; explicitFileType = wrapper.application; includeInIndex = 0; path = CocoaPodFramework.app; sourceTree = BUILT_PRODUCTS_DIR; };
		D75B6FA2251A676F0077FC43 /* AppDelegate.swift */ = {isa = PBXFileReference; lastKnownFileType = sourcecode.swift; path = AppDelegate.swift; sourceTree = "<group>"; };
		D75B6FA4251A676F0077FC43 /* SceneDelegate.swift */ = {isa = PBXFileReference; lastKnownFileType = sourcecode.swift; path = SceneDelegate.swift; sourceTree = "<group>"; };
		D75B6FA6251A676F0077FC43 /* ViewController.swift */ = {isa = PBXFileReference; lastKnownFileType = sourcecode.swift; path = ViewController.swift; sourceTree = "<group>"; };
		D75B6FA9251A676F0077FC43 /* Base */ = {isa = PBXFileReference; lastKnownFileType = file.storyboard; name = Base; path = Base.lproj/Main.storyboard; sourceTree = "<group>"; };
		D75B6FAC251A676F0077FC43 /* CocoaPodFramework.xcdatamodel */ = {isa = PBXFileReference; lastKnownFileType = wrapper.xcdatamodel; path = CocoaPodFramework.xcdatamodel; sourceTree = "<group>"; };
		D75B6FAE251A67740077FC43 /* Assets.xcassets */ = {isa = PBXFileReference; lastKnownFileType = folder.assetcatalog; path = Assets.xcassets; sourceTree = "<group>"; };
		D75B6FB1251A67740077FC43 /* Base */ = {isa = PBXFileReference; lastKnownFileType = file.storyboard; name = Base; path = Base.lproj/LaunchScreen.storyboard; sourceTree = "<group>"; };
		D75B6FB3251A67740077FC43 /* Info.plist */ = {isa = PBXFileReference; lastKnownFileType = text.plist.xml; path = Info.plist; sourceTree = "<group>"; };
		DD072D3697C862DE8CB7CE48 /* Pods-CocoaPodFramework.debug.xcconfig */ = {isa = PBXFileReference; includeInIndex = 1; lastKnownFileType = text.xcconfig; name = "Pods-CocoaPodFramework.debug.xcconfig"; path = "Target Support Files/Pods-CocoaPodFramework/Pods-CocoaPodFramework.debug.xcconfig"; sourceTree = "<group>"; };
/* End PBXFileReference section */

/* Begin PBXFrameworksBuildPhase section */
		D75B6F9C251A676F0077FC43 /* Frameworks */ = {
			isa = PBXFrameworksBuildPhase;
			buildActionMask = 2147483647;
			files = (
				1C15159C7578E76CF5F2F42B /* Pods_CocoaPodFramework.framework in Frameworks */,
			);
			runOnlyForDeploymentPostprocessing = 0;
		};
/* End PBXFrameworksBuildPhase section */

/* Begin PBXGroup section */
		9252555FECA1D4F4D23D69BF /* Pods */ = {
			isa = PBXGroup;
			children = (
				DD072D3697C862DE8CB7CE48 /* Pods-CocoaPodFramework.debug.xcconfig */,
				7F97D5623626942F77CBCB48 /* Pods-CocoaPodFramework.release.xcconfig */,
			);
			name = Pods;
			path = Pods;
			sourceTree = "<group>";
		};
		D75B6F96251A676F0077FC43 = {
			isa = PBXGroup;
			children = (
				D75B6FA1251A676F0077FC43 /* CocoaPodFramework */,
				D75B6FA0251A676F0077FC43 /* Products */,
				9252555FECA1D4F4D23D69BF /* Pods */,
				F7ACCB990E7519A38FC85731 /* Frameworks */,
			);
			sourceTree = "<group>";
		};
		D75B6FA0251A676F0077FC43 /* Products */ = {
			isa = PBXGroup;
			children = (
				D75B6F9F251A676F0077FC43 /* CocoaPodFramework.app */,
			);
			name = Products;
			sourceTree = "<group>";
		};
		D75B6FA1251A676F0077FC43 /* CocoaPodFramework */ = {
			isa = PBXGroup;
			children = (
				D75B6FA2251A676F0077FC43 /* AppDelegate.swift */,
				D75B6FA4251A676F0077FC43 /* SceneDelegate.swift */,
				D75B6FA6251A676F0077FC43 /* ViewController.swift */,
				D75B6FA8251A676F0077FC43 /* Main.storyboard */,
				D75B6FAE251A67740077FC43 /* Assets.xcassets */,
				D75B6FB0251A67740077FC43 /* LaunchScreen.storyboard */,
				D75B6FB3251A67740077FC43 /* Info.plist */,
				D75B6FAB251A676F0077FC43 /* CocoaPodFramework.xcdatamodeld */,
			);
			path = CocoaPodFramework;
			sourceTree = "<group>";
		};
		F7ACCB990E7519A38FC85731 /* Frameworks */ = {
			isa = PBXGroup;
			children = (
				47E135DBA4D5EE1028B4AE12 /* Pods_CocoaPodFramework.framework */,
			);
			name = Frameworks;
			sourceTree = "<group>";
		};
/* End PBXGroup section */

/* Begin PBXNativeTarget section */
		D75B6F9E251A676F0077FC43 /* CocoaPodFramework */ = {
			isa = PBXNativeTarget;
			buildConfigurationList = D75B6FB6251A67740077FC43 /* Build configuration list for PBXNativeTarget "CocoaPodFramework" */;
			buildPhases = (
				2A15F9EF0A5C6BF2CBD33039 /* [CP] Check Pods Manifest.lock */,
				D75B6F9B251A676F0077FC43 /* Sources */,
				D75B6F9C251A676F0077FC43 /* Frameworks */,
				D75B6F9D251A676F0077FC43 /* Resources */,
				22A4200981A0CE3E04944A2F /* [CP] Embed Pods Frameworks */,
			);
			buildRules = (
			);
			dependencies = (
			);
			name = CocoaPodFramework;
			productName = CocoaPodFramework;
			productReference = D75B6F9F251A676F0077FC43 /* CocoaPodFramework.app */;
			productType = "com.apple.product-type.application";
		};
/* End PBXNativeTarget section */

/* Begin PBXProject section */
		D75B6F97251A676F0077FC43 /* Project object */ = {
			isa = PBXProject;
			attributes = {
				LastSwiftUpdateCheck = 1130;
				LastUpgradeCheck = 1130;
				ORGANIZATIONNAME = "The App Experts";
				TargetAttributes = {
					D75B6F9E251A676F0077FC43 = {
						CreatedOnToolsVersion = 11.3.1;
					};
				};
			};
			buildConfigurationList = D75B6F9A251A676F0077FC43 /* Build configuration list for PBXProject "CocoaPodFramework" */;
			compatibilityVersion = "Xcode 9.3";
			developmentRegion = en;
			hasScannedForEncodings = 0;
			knownRegions = (
				en,
				Base,
			);
			mainGroup = D75B6F96251A676F0077FC43;
			productRefGroup = D75B6FA0251A676F0077FC43 /* Products */;
			projectDirPath = "";
			projectRoot = "";
			targets = (
				D75B6F9E251A676F0077FC43 /* CocoaPodFramework */,
			);
		};
/* End PBXProject section */

/* Begin PBXResourcesBuildPhase section */
		D75B6F9D251A676F0077FC43 /* Resources */ = {
			isa = PBXResourcesBuildPhase;
			buildActionMask = 2147483647;
			files = (
				D75B6FB2251A67740077FC43 /* LaunchScreen.storyboard in Resources */,
				D75B6FAF251A67740077FC43 /* Assets.xcassets in Resources */,
				D75B6FAA251A676F0077FC43 /* Main.storyboard in Resources */,
			);
			runOnlyForDeploymentPostprocessing = 0;
		};
/* End PBXResourcesBuildPhase section */

/* Begin PBXShellScriptBuildPhase section */
		22A4200981A0CE3E04944A2F /* [CP] Embed Pods Frameworks */ = {
			isa = PBXShellScriptBuildPhase;
			buildActionMask = 2147483647;
			files = (
			);
			inputFileListPaths = (
				"${PODS_ROOT}/Target Support Files/Pods-CocoaPodFramework/Pods-CocoaPodFramework-frameworks-${CONFIGURATION}-input-files.xcfilelist",
			);
			name = "[CP] Embed Pods Frameworks";
			outputFileListPaths = (
				"${PODS_ROOT}/Target Support Files/Pods-CocoaPodFramework/Pods-CocoaPodFramework-frameworks-${CONFIGURATION}-output-files.xcfilelist",
			);
			runOnlyForDeploymentPostprocessing = 0;
			shellPath = /bin/sh;
			shellScript = "\"${PODS_ROOT}/Target Support Files/Pods-CocoaPodFramework/Pods-CocoaPodFramework-frameworks.sh\"\n";
			showEnvVarsInLog = 0;
		};
		2A15F9EF0A5C6BF2CBD33039 /* [CP] Check Pods Manifest.lock */ = {
			isa = PBXShellScriptBuildPhase;
			buildActionMask = 2147483647;
			files = (
			);
			inputFileListPaths = (
			);
			inputPaths = (
				"${PODS_PODFILE_DIR_PATH}/Podfile.lock",
				"${PODS_ROOT}/Manifest.lock",
			);
			name = "[CP] Check Pods Manifest.lock";
			outputFileListPaths = (
			);
			outputPaths = (
				"$(DERIVED_FILE_DIR)/Pods-CocoaPodFramework-checkManifestLockResult.txt",
			);
			runOnlyForDeploymentPostprocessing = 0;
			shellPath = /bin/sh;
			shellScript = "diff \"${PODS_PODFILE_DIR_PATH}/Podfile.lock\" \"${PODS_ROOT}/Manifest.lock\" > /dev/null\nif [ $? != 0 ] ; then\n    # print error to STDERR\n    echo \"error: The sandbox is not in sync with the Podfile.lock. Run 'pod install' or update your CocoaPods installation.\" >&2\n    exit 1\nfi\n# This output is used by Xcode 'outputs' to avoid re-running this script phase.\necho \"SUCCESS\" > \"${SCRIPT_OUTPUT_FILE_0}\"\n";
			showEnvVarsInLog = 0;
		};
/* End PBXShellScriptBuildPhase section */

/* Begin PBXSourcesBuildPhase section */
		D75B6F9B251A676F0077FC43 /* Sources */ = {
			isa = PBXSourcesBuildPhase;
			buildActionMask = 2147483647;
			files = (
				D75B6FAD251A676F0077FC43 /* CocoaPodFramework.xcdatamodeld in Sources */,
				D75B6FA7251A676F0077FC43 /* ViewController.swift in Sources */,
				D75B6FA3251A676F0077FC43 /* AppDelegate.swift in Sources */,
				D75B6FA5251A676F0077FC43 /* SceneDelegate.swift in Sources */,
			);
			runOnlyForDeploymentPostprocessing = 0;
		};
/* End PBXSourcesBuildPhase section */

/* Begin PBXVariantGroup section */
		D75B6FA8251A676F0077FC43 /* Main.storyboard */ = {
			isa = PBXVariantGroup;
			children = (
				D75B6FA9251A676F0077FC43 /* Base */,
			);
			name = Main.storyboard;
			sourceTree = "<group>";
		};
		D75B6FB0251A67740077FC43 /* LaunchScreen.storyboard */ = {
			isa = PBXVariantGroup;
			children = (
				D75B6FB1251A67740077FC43 /* Base */,
			);
			name = LaunchScreen.storyboard;
			sourceTree = "<group>";
		};
/* End PBXVariantGroup section */

/* Begin XCBuildConfiguration section */
		D75B6FB4251A67740077FC43 /* Debug */ = {
			isa = XCBuildConfiguration;
			buildSettings = {
				ALWAYS_SEARCH_USER_PATHS = NO;
				CLANG_ANALYZER_NONNULL = YES;
				CLANG_ANALYZER_NUMBER_OBJECT_CONVERSION = YES_AGGRESSIVE;
				CLANG_CXX_LANGUAGE_STANDARD = "gnu++14";
				CLANG_CXX_LIBRARY = "libc++";
				CLANG_ENABLE_MODULES = YES;
				CLANG_ENABLE_OBJC_ARC = YES;
				CLANG_ENABLE_OBJC_WEAK = YES;
				CLANG_WARN_BLOCK_CAPTURE_AUTORELEASING = YES;
				CLANG_WARN_BOOL_CONVERSION = YES;
				CLANG_WARN_COMMA = YES;
				CLANG_WARN_CONSTANT_CONVERSION = YES;
				CLANG_WARN_DEPRECATED_OBJC_IMPLEMENTATIONS = YES;
				CLANG_WARN_DIRECT_OBJC_ISA_USAGE = YES_ERROR;
				CLANG_WARN_DOCUMENTATION_COMMENTS = YES;
				CLANG_WARN_EMPTY_BODY = YES;
				CLANG_WARN_ENUM_CONVERSION = YES;
				CLANG_WARN_INFINITE_RECURSION = YES;
				CLANG_WARN_INT_CONVERSION = YES;
				CLANG_WARN_NON_LITERAL_NULL_CONVERSION = YES;
				CLANG_WARN_OBJC_IMPLICIT_RETAIN_SELF = YES;
				CLANG_WARN_OBJC_LITERAL_CONVERSION = YES;
				CLANG_WARN_OBJC_ROOT_CLASS = YES_ERROR;
				CLANG_WARN_RANGE_LOOP_ANALYSIS = YES;
				CLANG_WARN_STRICT_PROTOTYPES = YES;
				CLANG_WARN_SUSPICIOUS_MOVE = YES;
				CLANG_WARN_UNGUARDED_AVAILABILITY = YES_AGGRESSIVE;
				CLANG_WARN_UNREACHABLE_CODE = YES;
				CLANG_WARN__DUPLICATE_METHOD_MATCH = YES;
				COPY_PHASE_STRIP = NO;
				DEBUG_INFORMATION_FORMAT = dwarf;
				ENABLE_STRICT_OBJC_MSGSEND = YES;
				ENABLE_TESTABILITY = YES;
				GCC_C_LANGUAGE_STANDARD = gnu11;
				GCC_DYNAMIC_NO_PIC = NO;
				GCC_NO_COMMON_BLOCKS = YES;
				GCC_OPTIMIZATION_LEVEL = 0;
				GCC_PREPROCESSOR_DEFINITIONS = (
					"DEBUG=1",
					"$(inherited)",
				);
				GCC_WARN_64_TO_32_BIT_CONVERSION = YES;
				GCC_WARN_ABOUT_RETURN_TYPE = YES_ERROR;
				GCC_WARN_UNDECLARED_SELECTOR = YES;
				GCC_WARN_UNINITIALIZED_AUTOS = YES_AGGRESSIVE;
				GCC_WARN_UNUSED_FUNCTION = YES;
				GCC_WARN_UNUSED_VARIABLE = YES;
				IPHONEOS_DEPLOYMENT_TARGET = 13.2;
				MTL_ENABLE_DEBUG_INFO = INCLUDE_SOURCE;
				MTL_FAST_MATH = YES;
				ONLY_ACTIVE_ARCH = YES;
				SDKROOT = iphoneos;
				SWIFT_ACTIVE_COMPILATION_CONDITIONS = DEBUG;
				SWIFT_OPTIMIZATION_LEVEL = "-Onone";
			};
			name = Debug;
		};
		D75B6FB5251A67740077FC43 /* Release */ = {
			isa = XCBuildConfiguration;
			buildSettings = {
				ALWAYS_SEARCH_USER_PATHS = NO;
				CLANG_ANALYZER_NONNULL = YES;
				CLANG_ANALYZER_NUMBER_OBJECT_CONVERSION = YES_AGGRESSIVE;
				CLANG_CXX_LANGUAGE_STANDARD = "gnu++14";
				CLANG_CXX_LIBRARY = "libc++";
				CLANG_ENABLE_MODULES = YES;
				CLANG_ENABLE_OBJC_ARC = YES;
				CLANG_ENABLE_OBJC_WEAK = YES;
				CLANG_WARN_BLOCK_CAPTURE_AUTORELEASING = YES;
				CLANG_WARN_BOOL_CONVERSION = YES;
				CLANG_WARN_COMMA = YES;
				CLANG_WARN_CONSTANT_CONVERSION = YES;
				CLANG_WARN_DEPRECATED_OBJC_IMPLEMENTATIONS = YES;
				CLANG_WARN_DIRECT_OBJC_ISA_USAGE = YES_ERROR;
				CLANG_WARN_DOCUMENTATION_COMMENTS = YES;
				CLANG_WARN_EMPTY_BODY = YES;
				CLANG_WARN_ENUM_CONVERSION = YES;
				CLANG_WARN_INFINITE_RECURSION = YES;
				CLANG_WARN_INT_CONVERSION = YES;
				CLANG_WARN_NON_LITERAL_NULL_CONVERSION = YES;
				CLANG_WARN_OBJC_IMPLICIT_RETAIN_SELF = YES;
				CLANG_WARN_OBJC_LITERAL_CONVERSION = YES;
				CLANG_WARN_OBJC_ROOT_CLASS = YES_ERROR;
				CLANG_WARN_RANGE_LOOP_ANALYSIS = YES;
				CLANG_WARN_STRICT_PROTOTYPES = YES;
				CLANG_WARN_SUSPICIOUS_MOVE = YES;
				CLANG_WARN_UNGUARDED_AVAILABILITY = YES_AGGRESSIVE;
				CLANG_WARN_UNREACHABLE_CODE = YES;
				CLANG_WARN__DUPLICATE_METHOD_MATCH = YES;
				COPY_PHASE_STRIP = NO;
				DEBUG_INFORMATION_FORMAT = "dwarf-with-dsym";
				ENABLE_NS_ASSERTIONS = NO;
				ENABLE_STRICT_OBJC_MSGSEND = YES;
				GCC_C_LANGUAGE_STANDARD = gnu11;
				GCC_NO_COMMON_BLOCKS = YES;
				GCC_WARN_64_TO_32_BIT_CONVERSION = YES;
				GCC_WARN_ABOUT_RETURN_TYPE = YES_ERROR;
				GCC_WARN_UNDECLARED_SELECTOR = YES;
				GCC_WARN_UNINITIALIZED_AUTOS = YES_AGGRESSIVE;
				GCC_WARN_UNUSED_FUNCTION = YES;
				GCC_WARN_UNUSED_VARIABLE = YES;
				IPHONEOS_DEPLOYMENT_TARGET = 13.2;
				MTL_ENABLE_DEBUG_INFO = NO;
				MTL_FAST_MATH = YES;
				SDKROOT = iphoneos;
				SWIFT_COMPILATION_MODE = wholemodule;
				SWIFT_OPTIMIZATION_LEVEL = "-O";
				VALIDATE_PRODUCT = YES;
			};
			name = Release;
		};
		D75B6FB7251A67740077FC43 /* Debug */ = {
			isa = XCBuildConfiguration;
			baseConfigurationReference = DD072D3697C862DE8CB7CE48 /* Pods-CocoaPodFramework.debug.xcconfig */;
			buildSettings = {
				ASSETCATALOG_COMPILER_APPICON_NAME = AppIcon;
				CODE_SIGN_STYLE = Automatic;
				DEVELOPMENT_TEAM = V4B9WRAZKW;
				INFOPLIST_FILE = CocoaPodFramework/Info.plist;
				LD_RUNPATH_SEARCH_PATHS = (
					"$(inherited)",
					"@executable_path/Frameworks",
				);
				PRODUCT_BUNDLE_IDENTIFIER = eu.rjch.CocoaPodFramework;
				PRODUCT_NAME = "$(TARGET_NAME)";
				SWIFT_VERSION = 5.0;
				TARGETED_DEVICE_FAMILY = "1,2";
			};
			name = Debug;
		};
		D75B6FB8251A67740077FC43 /* Release */ = {
			isa = XCBuildConfiguration;
			baseConfigurationReference = 7F97D5623626942F77CBCB48 /* Pods-CocoaPodFramework.release.xcconfig */;
			buildSettings = {
				ASSETCATALOG_COMPILER_APPICON_NAME = AppIcon;
				CODE_SIGN_STYLE = Automatic;
				DEVELOPMENT_TEAM = V4B9WRAZKW;
				INFOPLIST_FILE = CocoaPodFramework/Info.plist;
				LD_RUNPATH_SEARCH_PATHS = (
					"$(inherited)",
					"@executable_path/Frameworks",
				);
				PRODUCT_BUNDLE_IDENTIFIER = eu.rjch.CocoaPodFramework;
				PRODUCT_NAME = "$(TARGET_NAME)";
				SWIFT_VERSION = 5.0;
				TARGETED_DEVICE_FAMILY = "1,2";
			};
			name = Release;
		};
/* End XCBuildConfiguration section */

/* Begin XCConfigurationList section */
		D75B6F9A251A676F0077FC43 /* Build configuration list for PBXProject "CocoaPodFramework" */ = {
			isa = XCConfigurationList;
			buildConfigurations = (
				D75B6FB4251A67740077FC43 /* Debug */,
				D75B6FB5251A67740077FC43 /* Release */,
			);
			defaultConfigurationIsVisible = 0;
			defaultConfigurationName = Release;
		};
		D75B6FB6251A67740077FC43 /* Build configuration list for PBXNativeTarget "CocoaPodFramework" */ = {
			isa = XCConfigurationList;
			buildConfigurations = (
				D75B6FB7251A67740077FC43 /* Debug */,
				D75B6FB8251A67740077FC43 /* Release */,
			);
			defaultConfigurationIsVisible = 0;
			defaultConfigurationName = Release;
		};
/* End XCConfigurationList section */

/* Begin XCVersionGroup section */
		D75B6FAB251A676F0077FC43 /* CocoaPodFramework.xcdatamodeld */ = {
			isa = XCVersionGroup;
			children = (
				D75B6FAC251A676F0077FC43 /* CocoaPodFramework.xcdatamodel */,
			);
			currentVersion = D75B6FAC251A676F0077FC43 /* CocoaPodFramework.xcdatamodel */;
			path = CocoaPodFramework.xcdatamodeld;
			sourceTree = "<group>";
			versionGroupType = wrapper.xcdatamodel;
		};
/* End XCVersionGroup section */
	};
	rootObject = D75B6F97251A676F0077FC43 /* Project object */;
}
